// !$*UTF8*$!
{
	archiveVersion = 1;
	classes = {
	};
	objectVersion = 50;
	objects = {

/* Begin PBXBuildFile section */
		F70112EF24219B52002AE1EC /* AppDelegate.swift in Sources */ = {isa = PBXBuildFile; fileRef = F70112EE24219B52002AE1EC /* AppDelegate.swift */; };
		F70112F124219B52002AE1EC /* PlaylistViewController.swift in Sources */ = {isa = PBXBuildFile; fileRef = F70112F024219B52002AE1EC /* PlaylistViewController.swift */; };
		F70112F324219B53002AE1EC /* Assets.xcassets in Resources */ = {isa = PBXBuildFile; fileRef = F70112F224219B53002AE1EC /* Assets.xcassets */; };
		F70112F624219B53002AE1EC /* Main.storyboard in Resources */ = {isa = PBXBuildFile; fileRef = F70112F424219B53002AE1EC /* Main.storyboard */; };
		F701130124219E97002AE1EC /* WindowController.swift in Sources */ = {isa = PBXBuildFile; fileRef = F701130024219E97002AE1EC /* WindowController.swift */; };
		F70114042422F0BE002AE1EC /* NSButton+Combine.swift in Sources */ = {isa = PBXBuildFile; fileRef = F70114032422F0BE002AE1EC /* NSButton+Combine.swift */; };
		F701140624238EE8002AE1EC /* NSOpenPanel+Combine.swift in Sources */ = {isa = PBXBuildFile; fileRef = F701140524238EE8002AE1EC /* NSOpenPanel+Combine.swift */; };
		F701142824244234002AE1EC /* PlaybackController.swift in Sources */ = {isa = PBXBuildFile; fileRef = F701142724244234002AE1EC /* PlaybackController.swift */; };
		F701142A242442BF002AE1EC /* NSArrayController+Combine.swift in Sources */ = {isa = PBXBuildFile; fileRef = F7011429242442BF002AE1EC /* NSArrayController+Combine.swift */; };
		F701142C24244319002AE1EC /* Publisher+Extensions.swift in Sources */ = {isa = PBXBuildFile; fileRef = F701142B24244319002AE1EC /* Publisher+Extensions.swift */; };
		F701142F2426476B002AE1EC /* PlaylistViewModel.swift in Sources */ = {isa = PBXBuildFile; fileRef = F701142E2426476B002AE1EC /* PlaylistViewModel.swift */; };
		F701143124267802002AE1EC /* Factory.swift in Sources */ = {isa = PBXBuildFile; fileRef = F701143024267802002AE1EC /* Factory.swift */; };
		F70114332426A6D3002AE1EC /* NSStoryboard+Injecting.swift in Sources */ = {isa = PBXBuildFile; fileRef = F70114322426A6D3002AE1EC /* NSStoryboard+Injecting.swift */; };
		F70EAA952438B2B300473CA5 /* AudioEngine.m in Sources */ = {isa = PBXBuildFile; fileRef = F70EAA942438B2B300473CA5 /* AudioEngine.m */; };
		F70EAA982438DAAE00473CA5 /* AudioHelpers.c in Sources */ = {isa = PBXBuildFile; fileRef = F70EAA972438DAAE00473CA5 /* AudioHelpers.c */; };
		F70EAA992438DD2600473CA5 /* AudioFile.swift in Sources */ = {isa = PBXBuildFile; fileRef = F70114002422EF47002AE1EC /* AudioFile.swift */; };
		F7B39DCC2427DB54000AE701 /* PlaybackControls.xib in Resources */ = {isa = PBXBuildFile; fileRef = F7B39DCB2427DB54000AE701 /* PlaybackControls.xib */; };
		F7B39DD22427DC44000AE701 /* ToolbarController.swift in Sources */ = {isa = PBXBuildFile; fileRef = F7B39DD12427DC44000AE701 /* ToolbarController.swift */; };
		F7B39DD42427E0E4000AE701 /* ToolbarViewModel.swift in Sources */ = {isa = PBXBuildFile; fileRef = F7B39DD32427E0E4000AE701 /* ToolbarViewModel.swift */; };
		F7C13FF5242776050037B743 /* NSSegmentedControl+Combine.swift in Sources */ = {isa = PBXBuildFile; fileRef = F7C13FF4242776050037B743 /* NSSegmentedControl+Combine.swift */; };
/* End PBXBuildFile section */

/* Begin PBXFileReference section */
		F70112EB24219B52002AE1EC /* AudioPlayer.app */ = {isa = PBXFileReference; explicitFileType = wrapper.application; includeInIndex = 0; path = AudioPlayer.app; sourceTree = BUILT_PRODUCTS_DIR; };
		F70112EE24219B52002AE1EC /* AppDelegate.swift */ = {isa = PBXFileReference; lastKnownFileType = sourcecode.swift; path = AppDelegate.swift; sourceTree = "<group>"; };
		F70112F024219B52002AE1EC /* PlaylistViewController.swift */ = {isa = PBXFileReference; lastKnownFileType = sourcecode.swift; path = PlaylistViewController.swift; sourceTree = "<group>"; };
		F70112F224219B53002AE1EC /* Assets.xcassets */ = {isa = PBXFileReference; lastKnownFileType = folder.assetcatalog; path = Assets.xcassets; sourceTree = "<group>"; };
		F70112F524219B53002AE1EC /* Base */ = {isa = PBXFileReference; lastKnownFileType = file.storyboard; name = Base; path = Base.lproj/Main.storyboard; sourceTree = "<group>"; };
		F70112F724219B53002AE1EC /* Info.plist */ = {isa = PBXFileReference; lastKnownFileType = text.plist.xml; path = Info.plist; sourceTree = "<group>"; };
		F70112F824219B53002AE1EC /* AudioPlayer.entitlements */ = {isa = PBXFileReference; lastKnownFileType = text.plist.entitlements; path = AudioPlayer.entitlements; sourceTree = "<group>"; };
		F701130024219E97002AE1EC /* WindowController.swift */ = {isa = PBXFileReference; lastKnownFileType = sourcecode.swift; path = WindowController.swift; sourceTree = "<group>"; };
		F70114002422EF47002AE1EC /* AudioFile.swift */ = {isa = PBXFileReference; lastKnownFileType = sourcecode.swift; path = AudioFile.swift; sourceTree = "<group>"; };
		F70114032422F0BE002AE1EC /* NSButton+Combine.swift */ = {isa = PBXFileReference; lastKnownFileType = sourcecode.swift; path = "NSButton+Combine.swift"; sourceTree = "<group>"; };
		F701140524238EE8002AE1EC /* NSOpenPanel+Combine.swift */ = {isa = PBXFileReference; lastKnownFileType = sourcecode.swift; path = "NSOpenPanel+Combine.swift"; sourceTree = "<group>"; };
		F701142724244234002AE1EC /* PlaybackController.swift */ = {isa = PBXFileReference; lastKnownFileType = sourcecode.swift; path = PlaybackController.swift; sourceTree = "<group>"; };
		F7011429242442BF002AE1EC /* NSArrayController+Combine.swift */ = {isa = PBXFileReference; lastKnownFileType = sourcecode.swift; path = "NSArrayController+Combine.swift"; sourceTree = "<group>"; };
		F701142B24244319002AE1EC /* Publisher+Extensions.swift */ = {isa = PBXFileReference; lastKnownFileType = sourcecode.swift; path = "Publisher+Extensions.swift"; sourceTree = "<group>"; };
		F701142E2426476B002AE1EC /* PlaylistViewModel.swift */ = {isa = PBXFileReference; lastKnownFileType = sourcecode.swift; path = PlaylistViewModel.swift; sourceTree = "<group>"; };
		F701143024267802002AE1EC /* Factory.swift */ = {isa = PBXFileReference; lastKnownFileType = sourcecode.swift; path = Factory.swift; sourceTree = "<group>"; };
		F70114322426A6D3002AE1EC /* NSStoryboard+Injecting.swift */ = {isa = PBXFileReference; lastKnownFileType = sourcecode.swift; path = "NSStoryboard+Injecting.swift"; sourceTree = "<group>"; };
		F70EAA932438B2B300473CA5 /* AudioEngine.h */ = {isa = PBXFileReference; lastKnownFileType = sourcecode.c.h; path = AudioEngine.h; sourceTree = "<group>"; };
		F70EAA942438B2B300473CA5 /* AudioEngine.m */ = {isa = PBXFileReference; lastKnownFileType = sourcecode.c.objc; path = AudioEngine.m; sourceTree = "<group>"; };
		F70EAA962438B46F00473CA5 /* AudioHelpers.h */ = {isa = PBXFileReference; lastKnownFileType = sourcecode.c.h; path = AudioHelpers.h; sourceTree = "<group>"; };
		F70EAA972438DAAE00473CA5 /* AudioHelpers.c */ = {isa = PBXFileReference; lastKnownFileType = sourcecode.c.c; path = AudioHelpers.c; sourceTree = "<group>"; };
		F7B39DCB2427DB54000AE701 /* PlaybackControls.xib */ = {isa = PBXFileReference; lastKnownFileType = file.xib; path = PlaybackControls.xib; sourceTree = "<group>"; };
		F7B39DD12427DC44000AE701 /* ToolbarController.swift */ = {isa = PBXFileReference; lastKnownFileType = sourcecode.swift; path = ToolbarController.swift; sourceTree = "<group>"; };
		F7B39DD32427E0E4000AE701 /* ToolbarViewModel.swift */ = {isa = PBXFileReference; lastKnownFileType = sourcecode.swift; path = ToolbarViewModel.swift; sourceTree = "<group>"; };
		F7C13FF3242759270037B743 /* AudioPlayer-Bridging-Header.h */ = {isa = PBXFileReference; fileEncoding = 4; lastKnownFileType = sourcecode.c.h; path = "AudioPlayer-Bridging-Header.h"; sourceTree = "<group>"; };
		F7C13FF4242776050037B743 /* NSSegmentedControl+Combine.swift */ = {isa = PBXFileReference; lastKnownFileType = sourcecode.swift; path = "NSSegmentedControl+Combine.swift"; sourceTree = "<group>"; };
/* End PBXFileReference section */

/* Begin PBXFrameworksBuildPhase section */
		F70112E824219B52002AE1EC /* Frameworks */ = {
			isa = PBXFrameworksBuildPhase;
			buildActionMask = 2147483647;
			files = (
			);
			runOnlyForDeploymentPostprocessing = 0;
		};
/* End PBXFrameworksBuildPhase section */

/* Begin PBXGroup section */
		F70112E224219B52002AE1EC = {
			isa = PBXGroup;
			children = (
				F70112ED24219B52002AE1EC /* AudioPlayer */,
				F70112EC24219B52002AE1EC /* Products */,
			);
			sourceTree = "<group>";
		};
		F70112EC24219B52002AE1EC /* Products */ = {
			isa = PBXGroup;
			children = (
				F70112EB24219B52002AE1EC /* AudioPlayer.app */,
			);
			name = Products;
			sourceTree = "<group>";
		};
		F70112ED24219B52002AE1EC /* AudioPlayer */ = {
			isa = PBXGroup;
			children = (
				F70112EE24219B52002AE1EC /* AppDelegate.swift */,
				F701130024219E97002AE1EC /* WindowController.swift */,
				F70112F024219B52002AE1EC /* PlaylistViewController.swift */,
				F7B39DD12427DC44000AE701 /* ToolbarController.swift */,
				F701142D24264750002AE1EC /* ViewModels */,
				F701142624244219002AE1EC /* Controllers */,
				F701140824244062002AE1EC /* Audio */,
				F70114022422F0AC002AE1EC /* Extensions */,
				F701143024267802002AE1EC /* Factory.swift */,
				F7C13FF3242759270037B743 /* AudioPlayer-Bridging-Header.h */,
				F70112F224219B53002AE1EC /* Assets.xcassets */,
				F70112F424219B53002AE1EC /* Main.storyboard */,
				F7B39DCB2427DB54000AE701 /* PlaybackControls.xib */,
				F70112F724219B53002AE1EC /* Info.plist */,
				F70112F824219B53002AE1EC /* AudioPlayer.entitlements */,
			);
			path = AudioPlayer;
			sourceTree = "<group>";
		};
		F70114022422F0AC002AE1EC /* Extensions */ = {
			isa = PBXGroup;
			children = (
				F70114032422F0BE002AE1EC /* NSButton+Combine.swift */,
				F701140524238EE8002AE1EC /* NSOpenPanel+Combine.swift */,
				F7011429242442BF002AE1EC /* NSArrayController+Combine.swift */,
				F7C13FF4242776050037B743 /* NSSegmentedControl+Combine.swift */,
				F701142B24244319002AE1EC /* Publisher+Extensions.swift */,
				F70114322426A6D3002AE1EC /* NSStoryboard+Injecting.swift */,
			);
			path = Extensions;
			sourceTree = "<group>";
		};
		F701140824244062002AE1EC /* Audio */ = {
			isa = PBXGroup;
			children = (
				F70114002422EF47002AE1EC /* AudioFile.swift */,
				F70EAA932438B2B300473CA5 /* AudioEngine.h */,
				F70EAA942438B2B300473CA5 /* AudioEngine.m */,
				F70EAA962438B46F00473CA5 /* AudioHelpers.h */,
				F70EAA972438DAAE00473CA5 /* AudioHelpers.c */,
			);
			path = Audio;
			sourceTree = "<group>";
		};
		F701142624244219002AE1EC /* Controllers */ = {
			isa = PBXGroup;
			children = (
				F701142724244234002AE1EC /* PlaybackController.swift */,
			);
			path = Controllers;
			sourceTree = "<group>";
		};
		F701142D24264750002AE1EC /* ViewModels */ = {
			isa = PBXGroup;
			children = (
				F701142E2426476B002AE1EC /* PlaylistViewModel.swift */,
				F7B39DD32427E0E4000AE701 /* ToolbarViewModel.swift */,
			);
			path = ViewModels;
			sourceTree = "<group>";
		};
/* End PBXGroup section */

/* Begin PBXNativeTarget section */
		F70112EA24219B52002AE1EC /* AudioPlayer */ = {
			isa = PBXNativeTarget;
			buildConfigurationList = F70112FB24219B53002AE1EC /* Build configuration list for PBXNativeTarget "AudioPlayer" */;
			buildPhases = (
				F70112E724219B52002AE1EC /* Sources */,
				F70112E824219B52002AE1EC /* Frameworks */,
				F70112E924219B52002AE1EC /* Resources */,
			);
			buildRules = (
			);
			dependencies = (
			);
			name = AudioPlayer;
			productName = AudioPlayer;
			productReference = F70112EB24219B52002AE1EC /* AudioPlayer.app */;
			productType = "com.apple.product-type.application";
		};
/* End PBXNativeTarget section */

/* Begin PBXProject section */
		F70112E324219B52002AE1EC /* Project object */ = {
			isa = PBXProject;
			attributes = {
				LastSwiftUpdateCheck = 1140;
				LastUpgradeCheck = 1140;
				ORGANIZATIONNAME = "Andrew Shepard";
				TargetAttributes = {
					F70112EA24219B52002AE1EC = {
						CreatedOnToolsVersion = 11.4;
						LastSwiftMigration = 1140;
					};
				};
			};
			buildConfigurationList = F70112E624219B52002AE1EC /* Build configuration list for PBXProject "AudioPlayer" */;
			compatibilityVersion = "Xcode 9.3";
			developmentRegion = en;
			hasScannedForEncodings = 0;
			knownRegions = (
				en,
				Base,
			);
			mainGroup = F70112E224219B52002AE1EC;
			productRefGroup = F70112EC24219B52002AE1EC /* Products */;
			projectDirPath = "";
			projectRoot = "";
			targets = (
				F70112EA24219B52002AE1EC /* AudioPlayer */,
			);
		};
/* End PBXProject section */

/* Begin PBXResourcesBuildPhase section */
		F70112E924219B52002AE1EC /* Resources */ = {
			isa = PBXResourcesBuildPhase;
			buildActionMask = 2147483647;
			files = (
				F7B39DCC2427DB54000AE701 /* PlaybackControls.xib in Resources */,
				F70112F324219B53002AE1EC /* Assets.xcassets in Resources */,
				F70112F624219B53002AE1EC /* Main.storyboard in Resources */,
			);
			runOnlyForDeploymentPostprocessing = 0;
		};
/* End PBXResourcesBuildPhase section */

/* Begin PBXSourcesBuildPhase section */
		F70112E724219B52002AE1EC /* Sources */ = {
			isa = PBXSourcesBuildPhase;
			buildActionMask = 2147483647;
			files = (
				F70EAA952438B2B300473CA5 /* AudioEngine.m in Sources */,
				F70112F124219B52002AE1EC /* PlaylistViewController.swift in Sources */,
				F701142F2426476B002AE1EC /* PlaylistViewModel.swift in Sources */,
				F7B39DD22427DC44000AE701 /* ToolbarController.swift in Sources */,
				F7B39DD42427E0E4000AE701 /* ToolbarViewModel.swift in Sources */,
				F70114042422F0BE002AE1EC /* NSButton+Combine.swift in Sources */,
				F701130124219E97002AE1EC /* WindowController.swift in Sources */,
				F70112EF24219B52002AE1EC /* AppDelegate.swift in Sources */,
				F701142A242442BF002AE1EC /* NSArrayController+Combine.swift in Sources */,
				F70114332426A6D3002AE1EC /* NSStoryboard+Injecting.swift in Sources */,
				F70EAA982438DAAE00473CA5 /* AudioHelpers.c in Sources */,
				F7C13FF5242776050037B743 /* NSSegmentedControl+Combine.swift in Sources */,
				F701142824244234002AE1EC /* PlaybackController.swift in Sources */,
				F701140624238EE8002AE1EC /* NSOpenPanel+Combine.swift in Sources */,
				F701143124267802002AE1EC /* Factory.swift in Sources */,
				F70EAA992438DD2600473CA5 /* AudioFile.swift in Sources */,
				F701142C24244319002AE1EC /* Publisher+Extensions.swift in Sources */,
			);
			runOnlyForDeploymentPostprocessing = 0;
		};
/* End PBXSourcesBuildPhase section */

/* Begin PBXVariantGroup section */
		F70112F424219B53002AE1EC /* Main.storyboard */ = {
			isa = PBXVariantGroup;
			children = (
				F70112F524219B53002AE1EC /* Base */,
			);
			name = Main.storyboard;
			sourceTree = "<group>";
		};
/* End PBXVariantGroup section */

/* Begin XCBuildConfiguration section */
		F70112F924219B53002AE1EC /* Debug */ = {
			isa = XCBuildConfiguration;
			buildSettings = {
				ALWAYS_SEARCH_USER_PATHS = NO;
				CLANG_ANALYZER_NONNULL = YES;
				CLANG_ANALYZER_NUMBER_OBJECT_CONVERSION = YES_AGGRESSIVE;
				CLANG_CXX_LANGUAGE_STANDARD = "gnu++14";
				CLANG_CXX_LIBRARY = "libc++";
				CLANG_ENABLE_MODULES = YES;
				CLANG_ENABLE_OBJC_ARC = YES;
				CLANG_ENABLE_OBJC_WEAK = YES;
				CLANG_WARN_BLOCK_CAPTURE_AUTORELEASING = YES;
				CLANG_WARN_BOOL_CONVERSION = YES;
				CLANG_WARN_COMMA = YES;
				CLANG_WARN_CONSTANT_CONVERSION = YES;
				CLANG_WARN_DEPRECATED_OBJC_IMPLEMENTATIONS = YES;
				CLANG_WARN_DIRECT_OBJC_ISA_USAGE = YES_ERROR;
				CLANG_WARN_DOCUMENTATION_COMMENTS = YES;
				CLANG_WARN_EMPTY_BODY = YES;
				CLANG_WARN_ENUM_CONVERSION = YES;
				CLANG_WARN_INFINITE_RECURSION = YES;
				CLANG_WARN_INT_CONVERSION = YES;
				CLANG_WARN_NON_LITERAL_NULL_CONVERSION = YES;
				CLANG_WARN_OBJC_IMPLICIT_RETAIN_SELF = YES;
				CLANG_WARN_OBJC_LITERAL_CONVERSION = YES;
				CLANG_WARN_OBJC_ROOT_CLASS = YES_ERROR;
				CLANG_WARN_RANGE_LOOP_ANALYSIS = YES;
				CLANG_WARN_STRICT_PROTOTYPES = YES;
				CLANG_WARN_SUSPICIOUS_MOVE = YES;
				CLANG_WARN_UNGUARDED_AVAILABILITY = YES_AGGRESSIVE;
				CLANG_WARN_UNREACHABLE_CODE = YES;
				CLANG_WARN__DUPLICATE_METHOD_MATCH = YES;
				COPY_PHASE_STRIP = NO;
				DEBUG_INFORMATION_FORMAT = dwarf;
				ENABLE_STRICT_OBJC_MSGSEND = YES;
				ENABLE_TESTABILITY = YES;
				GCC_C_LANGUAGE_STANDARD = gnu11;
				GCC_DYNAMIC_NO_PIC = NO;
				GCC_NO_COMMON_BLOCKS = YES;
				GCC_OPTIMIZATION_LEVEL = 0;
				GCC_PREPROCESSOR_DEFINITIONS = (
					"DEBUG=1",
					"$(inherited)",
				);
				GCC_WARN_64_TO_32_BIT_CONVERSION = YES;
				GCC_WARN_ABOUT_RETURN_TYPE = YES_ERROR;
				GCC_WARN_UNDECLARED_SELECTOR = YES;
				GCC_WARN_UNINITIALIZED_AUTOS = YES_AGGRESSIVE;
				GCC_WARN_UNUSED_FUNCTION = YES;
				GCC_WARN_UNUSED_VARIABLE = YES;
				LIBRARY_SEARCH_PATHS = "";
				MACOSX_DEPLOYMENT_TARGET = 10.15;
				MTL_ENABLE_DEBUG_INFO = INCLUDE_SOURCE;
				MTL_FAST_MATH = YES;
				ONLY_ACTIVE_ARCH = YES;
				SDKROOT = macosx;
				SWIFT_ACTIVE_COMPILATION_CONDITIONS = DEBUG;
				SWIFT_INCLUDE_PATHS = "";
				SWIFT_OPTIMIZATION_LEVEL = "-Onone";
			};
			name = Debug;
		};
		F70112FA24219B53002AE1EC /* Release */ = {
			isa = XCBuildConfiguration;
			buildSettings = {
				ALWAYS_SEARCH_USER_PATHS = NO;
				CLANG_ANALYZER_NONNULL = YES;
				CLANG_ANALYZER_NUMBER_OBJECT_CONVERSION = YES_AGGRESSIVE;
				CLANG_CXX_LANGUAGE_STANDARD = "gnu++14";
				CLANG_CXX_LIBRARY = "libc++";
				CLANG_ENABLE_MODULES = YES;
				CLANG_ENABLE_OBJC_ARC = YES;
				CLANG_ENABLE_OBJC_WEAK = YES;
				CLANG_WARN_BLOCK_CAPTURE_AUTORELEASING = YES;
				CLANG_WARN_BOOL_CONVERSION = YES;
				CLANG_WARN_COMMA = YES;
				CLANG_WARN_CONSTANT_CONVERSION = YES;
				CLANG_WARN_DEPRECATED_OBJC_IMPLEMENTATIONS = YES;
				CLANG_WARN_DIRECT_OBJC_ISA_USAGE = YES_ERROR;
				CLANG_WARN_DOCUMENTATION_COMMENTS = YES;
				CLANG_WARN_EMPTY_BODY = YES;
				CLANG_WARN_ENUM_CONVERSION = YES;
				CLANG_WARN_INFINITE_RECURSION = YES;
				CLANG_WARN_INT_CONVERSION = YES;
				CLANG_WARN_NON_LITERAL_NULL_CONVERSION = YES;
				CLANG_WARN_OBJC_IMPLICIT_RETAIN_SELF = YES;
				CLANG_WARN_OBJC_LITERAL_CONVERSION = YES;
				CLANG_WARN_OBJC_ROOT_CLASS = YES_ERROR;
				CLANG_WARN_RANGE_LOOP_ANALYSIS = YES;
				CLANG_WARN_STRICT_PROTOTYPES = YES;
				CLANG_WARN_SUSPICIOUS_MOVE = YES;
				CLANG_WARN_UNGUARDED_AVAILABILITY = YES_AGGRESSIVE;
				CLANG_WARN_UNREACHABLE_CODE = YES;
				CLANG_WARN__DUPLICATE_METHOD_MATCH = YES;
				COPY_PHASE_STRIP = NO;
				DEBUG_INFORMATION_FORMAT = "dwarf-with-dsym";
				ENABLE_NS_ASSERTIONS = NO;
				ENABLE_STRICT_OBJC_MSGSEND = YES;
				GCC_C_LANGUAGE_STANDARD = gnu11;
				GCC_NO_COMMON_BLOCKS = YES;
				GCC_WARN_64_TO_32_BIT_CONVERSION = YES;
				GCC_WARN_ABOUT_RETURN_TYPE = YES_ERROR;
				GCC_WARN_UNDECLARED_SELECTOR = YES;
				GCC_WARN_UNINITIALIZED_AUTOS = YES_AGGRESSIVE;
				GCC_WARN_UNUSED_FUNCTION = YES;
				GCC_WARN_UNUSED_VARIABLE = YES;
				LIBRARY_SEARCH_PATHS = "";
				MACOSX_DEPLOYMENT_TARGET = 10.15;
				MTL_ENABLE_DEBUG_INFO = NO;
				MTL_FAST_MATH = YES;
				SDKROOT = macosx;
				SWIFT_COMPILATION_MODE = wholemodule;
				SWIFT_INCLUDE_PATHS = "";
				SWIFT_OPTIMIZATION_LEVEL = "-O";
			};
			name = Release;
		};
		F70112FC24219B53002AE1EC /* Debug */ = {
			isa = XCBuildConfiguration;
			buildSettings = {
				ASSETCATALOG_COMPILER_APPICON_NAME = AppIcon;
				CLANG_ENABLE_MODULES = YES;
				CODE_SIGN_ENTITLEMENTS = AudioPlayer/AudioPlayer.entitlements;
				CODE_SIGN_STYLE = Automatic;
				COMBINE_HIDPI_IMAGES = YES;
				INFOPLIST_FILE = AudioPlayer/Info.plist;
				LD_RUNPATH_SEARCH_PATHS = (
					"$(inherited)",
					"@executable_path/../Frameworks",
				);
				LIBRARY_SEARCH_PATHS = "$(inherited)";
				PRODUCT_BUNDLE_IDENTIFIER = org.andyshep.AudioPlayer;
				PRODUCT_NAME = "$(TARGET_NAME)";
				SWIFT_OBJC_BRIDGING_HEADER = "${SRCROOT}/AudioPlayer/AudioPlayer-Bridging-Header.h";
				SWIFT_OPTIMIZATION_LEVEL = "-Onone";
				SWIFT_VERSION = 5.0;
			};
			name = Debug;
		};
		F70112FD24219B53002AE1EC /* Release */ = {
			isa = XCBuildConfiguration;
			buildSettings = {
				ASSETCATALOG_COMPILER_APPICON_NAME = AppIcon;
				CLANG_ENABLE_MODULES = YES;
				CODE_SIGN_ENTITLEMENTS = AudioPlayer/AudioPlayer.entitlements;
				CODE_SIGN_STYLE = Automatic;
				COMBINE_HIDPI_IMAGES = YES;
				INFOPLIST_FILE = AudioPlayer/Info.plist;
				LD_RUNPATH_SEARCH_PATHS = (
					"$(inherited)",
					"@executable_path/../Frameworks",
				);
				LIBRARY_SEARCH_PATHS = "$(inherited)";
				PRODUCT_BUNDLE_IDENTIFIER = org.andyshep.AudioPlayer;
				PRODUCT_NAME = "$(TARGET_NAME)";
				SWIFT_OBJC_BRIDGING_HEADER = "${SRCROOT}/AudioPlayer/AudioPlayer-Bridging-Header.h";
				SWIFT_VERSION = 5.0;
			};
			name = Release;
		};
/* End XCBuildConfiguration section */

/* Begin XCConfigurationList section */
		F70112E624219B52002AE1EC /* Build configuration list for PBXProject "AudioPlayer" */ = {
			isa = XCConfigurationList;
			buildConfigurations = (
				F70112F924219B53002AE1EC /* Debug */,
				F70112FA24219B53002AE1EC /* Release */,
			);
			defaultConfigurationIsVisible = 0;
			defaultConfigurationName = Release;
		};
		F70112FB24219B53002AE1EC /* Build configuration list for PBXNativeTarget "AudioPlayer" */ = {
			isa = XCConfigurationList;
			buildConfigurations = (
				F70112FC24219B53002AE1EC /* Debug */,
				F70112FD24219B53002AE1EC /* Release */,
			);
			defaultConfigurationIsVisible = 0;
			defaultConfigurationName = Release;
		};
/* End XCConfigurationList section */
	};
	rootObject = F70112E324219B52002AE1EC /* Project object */;
}
